PODS:
  - AFNetworking (3.1.0):
    - AFNetworking/NSURLSession (= 3.1.0)
    - AFNetworking/Reachability (= 3.1.0)
    - AFNetworking/Security (= 3.1.0)
    - AFNetworking/Serialization (= 3.1.0)
    - AFNetworking/UIKit (= 3.1.0)
  - AFNetworking/NSURLSession (3.1.0):
    - AFNetworking/Reachability
    - AFNetworking/Security
    - AFNetworking/Serialization
  - AFNetworking/Reachability (3.1.0)
  - AFNetworking/Security (3.1.0)
  - AFNetworking/Serialization (3.1.0)
  - AFNetworking/UIKit (3.1.0):
    - AFNetworking/NSURLSession
  - InstagramKit (3.8):
    - AFNetworking (~> 3.0)
    - InstagramKit/Exclude-UICKeyChainStore (= 3.8)
  - InstagramKit/Exclude-UICKeyChainStore (3.8):
    - AFNetworking (~> 3.0)
  - VK-ios-sdk (1.4.4)

DEPENDENCIES:
  - InstagramKit
  - VK-ios-sdk

SPEC CHECKSUMS:
  AFNetworking: 5e0e199f73d8626b11e79750991f5d173d1f8b67
  InstagramKit: 402d6bba375357b548039de08eea19a1b8716354
  VK-ios-sdk: 296c3be1bb45faf4d9f9a2ca69dcf6ec71d9d4df

PODFILE CHECKSUM: aff7f7b0032b18acb93ff43ea3134a8554060c5c

COCOAPODS: 1.0.1
