// !$*UTF8*$!
{
	archiveVersion = 1;
	classes = {
	};
	objectVersion = 46;
	objects = {

/* Begin PBXBuildFile section */
		249A7596624B24778AC1FEC5 /* Pods_objC_test_social_framework.framework in Frameworks */ = {isa = PBXBuildFile; fileRef = BF66D9F0EC9367F3E9229CE9 /* Pods_objC_test_social_framework.framework */; };
		5D1B24711D674E860041F4EC /* GoogleService-Info.plist in Resources */ = {isa = PBXBuildFile; fileRef = 5D1B24701D674E860041F4EC /* GoogleService-Info.plist */; };
		5D1B24741D6750350041F4EC /* AAGoogleViewController.m in Sources */ = {isa = PBXBuildFile; fileRef = 5D1B24731D6750350041F4EC /* AAGoogleViewController.m */; };
		5D1B24771D6B04D50041F4EC /* AALinkedInViewController.m in Sources */ = {isa = PBXBuildFile; fileRef = 5D1B24761D6B04D50041F4EC /* AALinkedInViewController.m */; };
		5D1B247A1D6B1B8B0041F4EC /* linkedin-sdk.framework in Frameworks */ = {isa = PBXBuildFile; fileRef = 5D1B24791D6B1B8B0041F4EC /* linkedin-sdk.framework */; };
		907AC67E1D54C2F000137CBE /* AAImageSelectionViewController.m in Sources */ = {isa = PBXBuildFile; fileRef = 907AC67C1D54C2F000137CBE /* AAImageSelectionViewController.m */; };
		907AC67F1D54C2F000137CBE /* AAImageSelectionViewController.xib in Resources */ = {isa = PBXBuildFile; fileRef = 907AC67D1D54C2F000137CBE /* AAImageSelectionViewController.xib */; };
		909E1BEB1D58B33A0097F0C2 /* AAInstagramViewController.m in Sources */ = {isa = PBXBuildFile; fileRef = 909E1BEA1D58B33A0097F0C2 /* AAInstagramViewController.m */; };
		909E1BF41D58B55F0097F0C2 /* UIStoryboard+AAHelper.m in Sources */ = {isa = PBXBuildFile; fileRef = 909E1BF31D58B55F0097F0C2 /* UIStoryboard+AAHelper.m */; };
		909E1BF91D58C9140097F0C2 /* AASharingData.m in Sources */ = {isa = PBXBuildFile; fileRef = 909E1BF81D58C9140097F0C2 /* AASharingData.m */; };
		909E1BFC1D59E0A10097F0C2 /* AAVkontakteViewController.m in Sources */ = {isa = PBXBuildFile; fileRef = 909E1BFB1D59E0A10097F0C2 /* AAVkontakteViewController.m */; };
		90B32F1A1D53802E00A33C35 /* AAApplication.m in Sources */ = {isa = PBXBuildFile; fileRef = 90B32F191D53802E00A33C35 /* AAApplication.m */; };
		90B32F1D1D5385B500A33C35 /* AAComposeViewController.m in Sources */ = {isa = PBXBuildFile; fileRef = 90B32F1C1D5385B500A33C35 /* AAComposeViewController.m */; };
		90C5F4AD1D53571C00997717 /* main.m in Sources */ = {isa = PBXBuildFile; fileRef = 90C5F4AC1D53571C00997717 /* main.m */; };
		90C5F4B01D53571C00997717 /* AppDelegate.m in Sources */ = {isa = PBXBuildFile; fileRef = 90C5F4AF1D53571C00997717 /* AppDelegate.m */; };
		90C5F4B31D53571C00997717 /* AAViewController.m in Sources */ = {isa = PBXBuildFile; fileRef = 90C5F4B21D53571C00997717 /* AAViewController.m */; };
		90C5F4B61D53571C00997717 /* Main.storyboard in Resources */ = {isa = PBXBuildFile; fileRef = 90C5F4B41D53571C00997717 /* Main.storyboard */; };
		90C5F4B81D53571C00997717 /* Assets.xcassets in Resources */ = {isa = PBXBuildFile; fileRef = 90C5F4B71D53571C00997717 /* Assets.xcassets */; };
		90C5F4BB1D53571C00997717 /* LaunchScreen.storyboard in Resources */ = {isa = PBXBuildFile; fileRef = 90C5F4B91D53571C00997717 /* LaunchScreen.storyboard */; };
		90C5F4C31D53572F00997717 /* Social.framework in Frameworks */ = {isa = PBXBuildFile; fileRef = 90C5F4C21D53572F00997717 /* Social.framework */; };
		CF7A6C391D6B1C40003D6082 /* AAOdnoklassnikiViewController.m in Sources */ = {isa = PBXBuildFile; fileRef = CF7A6C381D6B1C40003D6082 /* AAOdnoklassnikiViewController.m */; };
/* End PBXBuildFile section */

/* Begin PBXFileReference section */
		5D1B24701D674E860041F4EC /* GoogleService-Info.plist */ = {isa = PBXFileReference; fileEncoding = 4; lastKnownFileType = text.plist.xml; path = "GoogleService-Info.plist"; sourceTree = "<group>"; };
		5D1B24721D6750350041F4EC /* AAGoogleViewController.h */ = {isa = PBXFileReference; fileEncoding = 4; lastKnownFileType = sourcecode.c.h; name = AAGoogleViewController.h; path = Code/AAGoogleViewController.h; sourceTree = "<group>"; };
		5D1B24731D6750350041F4EC /* AAGoogleViewController.m */ = {isa = PBXFileReference; fileEncoding = 4; lastKnownFileType = sourcecode.c.objc; name = AAGoogleViewController.m; path = Code/AAGoogleViewController.m; sourceTree = "<group>"; };
		5D1B24751D6B04D50041F4EC /* AALinkedInViewController.h */ = {isa = PBXFileReference; fileEncoding = 4; lastKnownFileType = sourcecode.c.h; name = AALinkedInViewController.h; path = Code/AALinkedInViewController.h; sourceTree = "<group>"; };
		5D1B24761D6B04D50041F4EC /* AALinkedInViewController.m */ = {isa = PBXFileReference; fileEncoding = 4; lastKnownFileType = sourcecode.c.objc; name = AALinkedInViewController.m; path = Code/AALinkedInViewController.m; sourceTree = "<group>"; };
		5D1B24791D6B1B8B0041F4EC /* linkedin-sdk.framework */ = {isa = PBXFileReference; lastKnownFileType = wrapper.framework; path = "linkedin-sdk.framework"; sourceTree = "<group>"; };
		71E5531CB6CF549B3E6ABA20 /* Pods-objC_test_social_framework.release.xcconfig */ = {isa = PBXFileReference; includeInIndex = 1; lastKnownFileType = text.xcconfig; name = "Pods-objC_test_social_framework.release.xcconfig"; path = "Pods/Target Support Files/Pods-objC_test_social_framework/Pods-objC_test_social_framework.release.xcconfig"; sourceTree = "<group>"; };
		907AC67B1D54C2F000137CBE /* AAImageSelectionViewController.h */ = {isa = PBXFileReference; fileEncoding = 4; lastKnownFileType = sourcecode.c.h; path = AAImageSelectionViewController.h; sourceTree = "<group>"; };
		907AC67C1D54C2F000137CBE /* AAImageSelectionViewController.m */ = {isa = PBXFileReference; fileEncoding = 4; lastKnownFileType = sourcecode.c.objc; path = AAImageSelectionViewController.m; sourceTree = "<group>"; };
		907AC67D1D54C2F000137CBE /* AAImageSelectionViewController.xib */ = {isa = PBXFileReference; fileEncoding = 4; lastKnownFileType = file.xib; path = AAImageSelectionViewController.xib; sourceTree = "<group>"; };
		909E1BE81D58AFB10097F0C2 /* AAConstants.h */ = {isa = PBXFileReference; lastKnownFileType = sourcecode.c.h; path = AAConstants.h; sourceTree = "<group>"; };
		909E1BE91D58B33A0097F0C2 /* AAInstagramViewController.h */ = {isa = PBXFileReference; fileEncoding = 4; lastKnownFileType = sourcecode.c.h; path = AAInstagramViewController.h; sourceTree = "<group>"; };
		909E1BEA1D58B33A0097F0C2 /* AAInstagramViewController.m */ = {isa = PBXFileReference; fileEncoding = 4; lastKnownFileType = sourcecode.c.objc; path = AAInstagramViewController.m; sourceTree = "<group>"; };
		909E1BF21D58B55F0097F0C2 /* UIStoryboard+AAHelper.h */ = {isa = PBXFileReference; fileEncoding = 4; lastKnownFileType = sourcecode.c.h; path = "UIStoryboard+AAHelper.h"; sourceTree = "<group>"; };
		909E1BF31D58B55F0097F0C2 /* UIStoryboard+AAHelper.m */ = {isa = PBXFileReference; fileEncoding = 4; lastKnownFileType = sourcecode.c.objc; path = "UIStoryboard+AAHelper.m"; sourceTree = "<group>"; };
		909E1BF71D58C9140097F0C2 /* AASharingData.h */ = {isa = PBXFileReference; fileEncoding = 4; lastKnownFileType = sourcecode.c.h; path = AASharingData.h; sourceTree = "<group>"; };
		909E1BF81D58C9140097F0C2 /* AASharingData.m */ = {isa = PBXFileReference; fileEncoding = 4; lastKnownFileType = sourcecode.c.objc; path = AASharingData.m; sourceTree = "<group>"; };
		909E1BFA1D59E0A10097F0C2 /* AAVkontakteViewController.h */ = {isa = PBXFileReference; fileEncoding = 4; lastKnownFileType = sourcecode.c.h; path = AAVkontakteViewController.h; sourceTree = "<group>"; };
		909E1BFB1D59E0A10097F0C2 /* AAVkontakteViewController.m */ = {isa = PBXFileReference; fileEncoding = 4; lastKnownFileType = sourcecode.c.objc; path = AAVkontakteViewController.m; sourceTree = "<group>"; };
		90B32F181D53802E00A33C35 /* AAApplication.h */ = {isa = PBXFileReference; fileEncoding = 4; lastKnownFileType = sourcecode.c.h; path = AAApplication.h; sourceTree = "<group>"; };
		90B32F191D53802E00A33C35 /* AAApplication.m */ = {isa = PBXFileReference; fileEncoding = 4; lastKnownFileType = sourcecode.c.objc; path = AAApplication.m; sourceTree = "<group>"; };
		90B32F1B1D5385B500A33C35 /* AAComposeViewController.h */ = {isa = PBXFileReference; fileEncoding = 4; lastKnownFileType = sourcecode.c.h; path = AAComposeViewController.h; sourceTree = "<group>"; };
		90B32F1C1D5385B500A33C35 /* AAComposeViewController.m */ = {isa = PBXFileReference; fileEncoding = 4; lastKnownFileType = sourcecode.c.objc; path = AAComposeViewController.m; sourceTree = "<group>"; };
		90C5F4A81D53571C00997717 /* objC_test_social_framework.app */ = {isa = PBXFileReference; explicitFileType = wrapper.application; includeInIndex = 0; path = objC_test_social_framework.app; sourceTree = BUILT_PRODUCTS_DIR; };
		90C5F4AC1D53571C00997717 /* main.m */ = {isa = PBXFileReference; lastKnownFileType = sourcecode.c.objc; path = main.m; sourceTree = "<group>"; };
		90C5F4AE1D53571C00997717 /* AppDelegate.h */ = {isa = PBXFileReference; lastKnownFileType = sourcecode.c.h; path = AppDelegate.h; sourceTree = "<group>"; };
		90C5F4AF1D53571C00997717 /* AppDelegate.m */ = {isa = PBXFileReference; lastKnownFileType = sourcecode.c.objc; path = AppDelegate.m; sourceTree = "<group>"; };
		90C5F4B11D53571C00997717 /* AAViewController.h */ = {isa = PBXFileReference; lastKnownFileType = sourcecode.c.h; path = AAViewController.h; sourceTree = "<group>"; };
		90C5F4B21D53571C00997717 /* AAViewController.m */ = {isa = PBXFileReference; lastKnownFileType = sourcecode.c.objc; path = AAViewController.m; sourceTree = "<group>"; };
		90C5F4B51D53571C00997717 /* Base */ = {isa = PBXFileReference; lastKnownFileType = file.storyboard; name = Base; path = Base.lproj/Main.storyboard; sourceTree = "<group>"; };
		90C5F4B71D53571C00997717 /* Assets.xcassets */ = {isa = PBXFileReference; lastKnownFileType = folder.assetcatalog; path = Assets.xcassets; sourceTree = "<group>"; };
		90C5F4BA1D53571C00997717 /* Base */ = {isa = PBXFileReference; lastKnownFileType = file.storyboard; name = Base; path = Base.lproj/LaunchScreen.storyboard; sourceTree = "<group>"; };
		90C5F4BC1D53571C00997717 /* Info.plist */ = {isa = PBXFileReference; lastKnownFileType = text.plist.xml; path = Info.plist; sourceTree = "<group>"; };
		90C5F4C21D53572F00997717 /* Social.framework */ = {isa = PBXFileReference; lastKnownFileType = wrapper.framework; name = Social.framework; path = System/Library/Frameworks/Social.framework; sourceTree = SDKROOT; };
		BF66D9F0EC9367F3E9229CE9 /* Pods_objC_test_social_framework.framework */ = {isa = PBXFileReference; explicitFileType = wrapper.framework; includeInIndex = 0; path = Pods_objC_test_social_framework.framework; sourceTree = BUILT_PRODUCTS_DIR; };
		CF7A6C371D6B1C40003D6082 /* AAOdnoklassnikiViewController.h */ = {isa = PBXFileReference; fileEncoding = 4; lastKnownFileType = sourcecode.c.h; path = AAOdnoklassnikiViewController.h; sourceTree = "<group>"; };
		CF7A6C381D6B1C40003D6082 /* AAOdnoklassnikiViewController.m */ = {isa = PBXFileReference; fileEncoding = 4; lastKnownFileType = sourcecode.c.objc; path = AAOdnoklassnikiViewController.m; sourceTree = "<group>"; };
		DBC15790553674D448CA2DE9 /* Pods-objC_test_social_framework.debug.xcconfig */ = {isa = PBXFileReference; includeInIndex = 1; lastKnownFileType = text.xcconfig; name = "Pods-objC_test_social_framework.debug.xcconfig"; path = "Pods/Target Support Files/Pods-objC_test_social_framework/Pods-objC_test_social_framework.debug.xcconfig"; sourceTree = "<group>"; };
/* End PBXFileReference section */

/* Begin PBXFrameworksBuildPhase section */
		90C5F4A51D53571C00997717 /* Frameworks */ = {
			isa = PBXFrameworksBuildPhase;
			buildActionMask = 2147483647;
			files = (
				5D1B247A1D6B1B8B0041F4EC /* linkedin-sdk.framework in Frameworks */,
				90C5F4C31D53572F00997717 /* Social.framework in Frameworks */,
				249A7596624B24778AC1FEC5 /* Pods_objC_test_social_framework.framework in Frameworks */,
			);
			runOnlyForDeploymentPostprocessing = 0;
		};
/* End PBXFrameworksBuildPhase section */

/* Begin PBXGroup section */
		1462A7C43AA569CB570EE3B6 /* Frameworks */ = {
			isa = PBXGroup;
			children = (
				BF66D9F0EC9367F3E9229CE9 /* Pods_objC_test_social_framework.framework */,
			);
			name = Frameworks;
			sourceTree = "<group>";
		};
		5D1B24781D6B1B7A0041F4EC /* Vendor */ = {
			isa = PBXGroup;
			children = (
				5D1B24791D6B1B8B0041F4EC /* linkedin-sdk.framework */,
			);
			name = Vendor;
			path = ..;
			sourceTree = "<group>";
		};
		85199B173D3F0DA516E0F486 /* Pods */ = {
			isa = PBXGroup;
			children = (
				DBC15790553674D448CA2DE9 /* Pods-objC_test_social_framework.debug.xcconfig */,
				71E5531CB6CF549B3E6ABA20 /* Pods-objC_test_social_framework.release.xcconfig */,
			);
			name = Pods;
			sourceTree = "<group>";
		};
		909E1BEC1D58B3530097F0C2 /* _ViewControllers */ = {
			isa = PBXGroup;
			children = (
				909E1BED1D58B3660097F0C2 /* _Xibs */,
				90B32F1B1D5385B500A33C35 /* AAComposeViewController.h */,
				90B32F1C1D5385B500A33C35 /* AAComposeViewController.m */,
				907AC67B1D54C2F000137CBE /* AAImageSelectionViewController.h */,
				907AC67C1D54C2F000137CBE /* AAImageSelectionViewController.m */,
				909E1BE91D58B33A0097F0C2 /* AAInstagramViewController.h */,
				909E1BEA1D58B33A0097F0C2 /* AAInstagramViewController.m */,
				90C5F4B11D53571C00997717 /* AAViewController.h */,
				90C5F4B21D53571C00997717 /* AAViewController.m */,
				909E1BFA1D59E0A10097F0C2 /* AAVkontakteViewController.h */,
				909E1BFB1D59E0A10097F0C2 /* AAVkontakteViewController.m */,
				CF7A6C371D6B1C40003D6082 /* AAOdnoklassnikiViewController.h */,
				CF7A6C381D6B1C40003D6082 /* AAOdnoklassnikiViewController.m */,
				5D1B24721D6750350041F4EC /* AAGoogleViewController.h */,
				5D1B24731D6750350041F4EC /* AAGoogleViewController.m */,
				5D1B24751D6B04D50041F4EC /* AALinkedInViewController.h */,
				5D1B24761D6B04D50041F4EC /* AALinkedInViewController.m */,
			);
			name = _ViewControllers;
			sourceTree = "<group>";
		};
		909E1BED1D58B3660097F0C2 /* _Xibs */ = {
			isa = PBXGroup;
			children = (
				907AC67D1D54C2F000137CBE /* AAImageSelectionViewController.xib */,
			);
			name = _Xibs;
			sourceTree = "<group>";
		};
		909E1BEE1D58B3720097F0C2 /* _Storyboards */ = {
			isa = PBXGroup;
			children = (
				90C5F4B41D53571C00997717 /* Main.storyboard */,
				90C5F4B91D53571C00997717 /* LaunchScreen.storyboard */,
			);
			name = _Storyboards;
			sourceTree = "<group>";
		};
		909E1BEF1D58B38F0097F0C2 /* _Constants */ = {
			isa = PBXGroup;
			children = (
				909E1BE81D58AFB10097F0C2 /* AAConstants.h */,
			);
			name = _Constants;
			sourceTree = "<group>";
		};
		909E1BF01D58B39D0097F0C2 /* _System */ = {
			isa = PBXGroup;
			children = (
				90B32F181D53802E00A33C35 /* AAApplication.h */,
				90B32F191D53802E00A33C35 /* AAApplication.m */,
				90C5F4AE1D53571C00997717 /* AppDelegate.h */,
				90C5F4AF1D53571C00997717 /* AppDelegate.m */,
			);
			name = _System;
			sourceTree = "<group>";
		};
		909E1BF11D58B5430097F0C2 /* _Categories */ = {
			isa = PBXGroup;
			children = (
				909E1BF21D58B55F0097F0C2 /* UIStoryboard+AAHelper.h */,
				909E1BF31D58B55F0097F0C2 /* UIStoryboard+AAHelper.m */,
			);
			name = _Categories;
			sourceTree = "<group>";
		};
		909E1BF61D58C8FE0097F0C2 /* _Data */ = {
			isa = PBXGroup;
			children = (
				909E1BF71D58C9140097F0C2 /* AASharingData.h */,
				909E1BF81D58C9140097F0C2 /* AASharingData.m */,
			);
			name = _Data;
			sourceTree = "<group>";
		};
		90C5F49F1D53571C00997717 = {
			isa = PBXGroup;
			children = (
				1462A7C43AA569CB570EE3B6 /* Frameworks */,
				90C5F4AA1D53571C00997717 /* objC_test_social_framework */,
				85199B173D3F0DA516E0F486 /* Pods */,
				90C5F4A91D53571C00997717 /* Products */,
				90C5F4C21D53572F00997717 /* Social.framework */,
			);
			sourceTree = "<group>";
		};
		90C5F4A91D53571C00997717 /* Products */ = {
			isa = PBXGroup;
			children = (
				90C5F4A81D53571C00997717 /* objC_test_social_framework.app */,
			);
			name = Products;
			sourceTree = "<group>";
		};
		90C5F4AA1D53571C00997717 /* objC_test_social_framework */ = {
			isa = PBXGroup;
			children = (
				909E1BF61D58C8FE0097F0C2 /* _Data */,
				909E1BF11D58B5430097F0C2 /* _Categories */,
				909E1BEF1D58B38F0097F0C2 /* _Constants */,
				909E1BEE1D58B3720097F0C2 /* _Storyboards */,
				909E1BF01D58B39D0097F0C2 /* _System */,
				909E1BEC1D58B3530097F0C2 /* _ViewControllers */,
				90C5F4B71D53571C00997717 /* Assets.xcassets */,
				90C5F4BC1D53571C00997717 /* Info.plist */,
				5D1B24701D674E860041F4EC /* GoogleService-Info.plist */,
				90C5F4AB1D53571C00997717 /* Supporting Files */,
				5D1B24781D6B1B7A0041F4EC /* Vendor */,
			);
			path = objC_test_social_framework;
			sourceTree = "<group>";
		};
		90C5F4AB1D53571C00997717 /* Supporting Files */ = {
			isa = PBXGroup;
			children = (
				5D1B24701D674E860041F4EC /* GoogleService-Info.plist */,
				90C5F4AC1D53571C00997717 /* main.m */,
			);
			name = "Supporting Files";
			sourceTree = "<group>";
		};
/* End PBXGroup section */

/* Begin PBXNativeTarget section */
		90C5F4A71D53571C00997717 /* objC_test_social_framework */ = {
			isa = PBXNativeTarget;
			buildConfigurationList = 90C5F4BF1D53571C00997717 /* Build configuration list for PBXNativeTarget "objC_test_social_framework" */;
			buildPhases = (
				0A324E3C9A4A0BFC05AB4875 /* [CP] Check Pods Manifest.lock */,
				90C5F4A41D53571C00997717 /* Sources */,
				90C5F4A51D53571C00997717 /* Frameworks */,
				90C5F4A61D53571C00997717 /* Resources */,
				B383AD61AF3F7F560539B1F4 /* [CP] Embed Pods Frameworks */,
				53BD34CBD80EFB302F596813 /* [CP] Copy Pods Resources */,
			);
			buildRules = (
			);
			dependencies = (
			);
			name = objC_test_social_framework;
			productName = objC_test_social_framework;
			productReference = 90C5F4A81D53571C00997717 /* objC_test_social_framework.app */;
			productType = "com.apple.product-type.application";
		};
/* End PBXNativeTarget section */

/* Begin PBXProject section */
		90C5F4A01D53571C00997717 /* Project object */ = {
			isa = PBXProject;
			attributes = {
				CLASSPREFIX = AA;
				LastUpgradeCheck = 0730;
				ORGANIZATIONNAME = "E-legion";
				TargetAttributes = {
					90C5F4A71D53571C00997717 = {
						CreatedOnToolsVersion = 7.3.1;
					};
				};
			};
			buildConfigurationList = 90C5F4A31D53571C00997717 /* Build configuration list for PBXProject "objC_test_social_framework" */;
			compatibilityVersion = "Xcode 3.2";
			developmentRegion = English;
			hasScannedForEncodings = 0;
			knownRegions = (
				en,
				Base,
			);
			mainGroup = 90C5F49F1D53571C00997717;
			productRefGroup = 90C5F4A91D53571C00997717 /* Products */;
			projectDirPath = "";
			projectRoot = "";
			targets = (
				90C5F4A71D53571C00997717 /* objC_test_social_framework */,
			);
		};
/* End PBXProject section */

/* Begin PBXResourcesBuildPhase section */
		90C5F4A61D53571C00997717 /* Resources */ = {
			isa = PBXResourcesBuildPhase;
			buildActionMask = 2147483647;
			files = (
				90C5F4BB1D53571C00997717 /* LaunchScreen.storyboard in Resources */,
				907AC67F1D54C2F000137CBE /* AAImageSelectionViewController.xib in Resources */,
				5D1B24711D674E860041F4EC /* GoogleService-Info.plist in Resources */,
				90C5F4B81D53571C00997717 /* Assets.xcassets in Resources */,
				90C5F4B61D53571C00997717 /* Main.storyboard in Resources */,
			);
			runOnlyForDeploymentPostprocessing = 0;
		};
/* End PBXResourcesBuildPhase section */

/* Begin PBXShellScriptBuildPhase section */
		0A324E3C9A4A0BFC05AB4875 /* [CP] Check Pods Manifest.lock */ = {
			isa = PBXShellScriptBuildPhase;
			buildActionMask = 2147483647;
			files = (
			);
			inputPaths = (
			);
			name = "[CP] Check Pods Manifest.lock";
			outputPaths = (
			);
			runOnlyForDeploymentPostprocessing = 0;
			shellPath = /bin/sh;
			shellScript = "diff \"${PODS_ROOT}/../Podfile.lock\" \"${PODS_ROOT}/Manifest.lock\" > /dev/null\nif [[ $? != 0 ]] ; then\n    cat << EOM\nerror: The sandbox is not in sync with the Podfile.lock. Run 'pod install' or update your CocoaPods installation.\nEOM\n    exit 1\nfi\n";
			showEnvVarsInLog = 0;
		};
		53BD34CBD80EFB302F596813 /* [CP] Copy Pods Resources */ = {
			isa = PBXShellScriptBuildPhase;
			buildActionMask = 2147483647;
			files = (
			);
			inputPaths = (
			);
			name = "[CP] Copy Pods Resources";
			outputPaths = (
			);
			runOnlyForDeploymentPostprocessing = 0;
			shellPath = /bin/sh;
			shellScript = "\"${SRCROOT}/Pods/Target Support Files/Pods-objC_test_social_framework/Pods-objC_test_social_framework-resources.sh\"\n";
			showEnvVarsInLog = 0;
		};
		B383AD61AF3F7F560539B1F4 /* [CP] Embed Pods Frameworks */ = {
			isa = PBXShellScriptBuildPhase;
			buildActionMask = 2147483647;
			files = (
			);
			inputPaths = (
			);
			name = "[CP] Embed Pods Frameworks";
			outputPaths = (
			);
			runOnlyForDeploymentPostprocessing = 0;
			shellPath = /bin/sh;
			shellScript = "\"${SRCROOT}/Pods/Target Support Files/Pods-objC_test_social_framework/Pods-objC_test_social_framework-frameworks.sh\"\n";
			showEnvVarsInLog = 0;
		};
/* End PBXShellScriptBuildPhase section */

/* Begin PBXSourcesBuildPhase section */
		90C5F4A41D53571C00997717 /* Sources */ = {
			isa = PBXSourcesBuildPhase;
			buildActionMask = 2147483647;
			files = (
				5D1B24771D6B04D50041F4EC /* AALinkedInViewController.m in Sources */,
				5D1B24741D6750350041F4EC /* AAGoogleViewController.m in Sources */,
				90B32F1A1D53802E00A33C35 /* AAApplication.m in Sources */,
				909E1BF91D58C9140097F0C2 /* AASharingData.m in Sources */,
				90C5F4B31D53571C00997717 /* AAViewController.m in Sources */,
				CF7A6C391D6B1C40003D6082 /* AAOdnoklassnikiViewController.m in Sources */,
				90C5F4B01D53571C00997717 /* AppDelegate.m in Sources */,
				909E1BFC1D59E0A10097F0C2 /* AAVkontakteViewController.m in Sources */,
				90B32F1D1D5385B500A33C35 /* AAComposeViewController.m in Sources */,
				907AC67E1D54C2F000137CBE /* AAImageSelectionViewController.m in Sources */,
				909E1BEB1D58B33A0097F0C2 /* AAInstagramViewController.m in Sources */,
				909E1BF41D58B55F0097F0C2 /* UIStoryboard+AAHelper.m in Sources */,
				90C5F4AD1D53571C00997717 /* main.m in Sources */,
			);
			runOnlyForDeploymentPostprocessing = 0;
		};
/* End PBXSourcesBuildPhase section */

/* Begin PBXVariantGroup section */
		90C5F4B41D53571C00997717 /* Main.storyboard */ = {
			isa = PBXVariantGroup;
			children = (
				90C5F4B51D53571C00997717 /* Base */,
			);
			name = Main.storyboard;
			sourceTree = "<group>";
		};
		90C5F4B91D53571C00997717 /* LaunchScreen.storyboard */ = {
			isa = PBXVariantGroup;
			children = (
				90C5F4BA1D53571C00997717 /* Base */,
			);
			name = LaunchScreen.storyboard;
			sourceTree = "<group>";
		};
/* End PBXVariantGroup section */

/* Begin XCBuildConfiguration section */
		90C5F4BD1D53571C00997717 /* Debug */ = {
			isa = XCBuildConfiguration;
			buildSettings = {
				ALWAYS_SEARCH_USER_PATHS = NO;
				CLANG_ANALYZER_NONNULL = YES;
				CLANG_CXX_LANGUAGE_STANDARD = "gnu++0x";
				CLANG_CXX_LIBRARY = "libc++";
				CLANG_ENABLE_MODULES = YES;
				CLANG_ENABLE_OBJC_ARC = YES;
				CLANG_WARN_BOOL_CONVERSION = YES;
				CLANG_WARN_CONSTANT_CONVERSION = YES;
				CLANG_WARN_DIRECT_OBJC_ISA_USAGE = YES_ERROR;
				CLANG_WARN_EMPTY_BODY = YES;
				CLANG_WARN_ENUM_CONVERSION = YES;
				CLANG_WARN_INT_CONVERSION = YES;
				CLANG_WARN_OBJC_ROOT_CLASS = YES_ERROR;
				CLANG_WARN_UNREACHABLE_CODE = YES;
				CLANG_WARN__DUPLICATE_METHOD_MATCH = YES;
				"CODE_SIGN_IDENTITY[sdk=iphoneos*]" = "iPhone Developer";
				COPY_PHASE_STRIP = NO;
				DEBUG_INFORMATION_FORMAT = dwarf;
				ENABLE_STRICT_OBJC_MSGSEND = YES;
				ENABLE_TESTABILITY = YES;
				GCC_C_LANGUAGE_STANDARD = gnu99;
				GCC_DYNAMIC_NO_PIC = NO;
				GCC_NO_COMMON_BLOCKS = YES;
				GCC_OPTIMIZATION_LEVEL = 0;
				GCC_PREPROCESSOR_DEFINITIONS = (
					"DEBUG=1",
					"$(inherited)",
				);
				GCC_WARN_64_TO_32_BIT_CONVERSION = YES;
				GCC_WARN_ABOUT_RETURN_TYPE = YES_ERROR;
				GCC_WARN_UNDECLARED_SELECTOR = YES;
				GCC_WARN_UNINITIALIZED_AUTOS = YES_AGGRESSIVE;
				GCC_WARN_UNUSED_FUNCTION = YES;
				GCC_WARN_UNUSED_VARIABLE = YES;
				IPHONEOS_DEPLOYMENT_TARGET = 9.3;
				MTL_ENABLE_DEBUG_INFO = YES;
				ONLY_ACTIVE_ARCH = YES;
				SDKROOT = iphoneos;
				TARGETED_DEVICE_FAMILY = "1,2";
			};
			name = Debug;
		};
		90C5F4BE1D53571C00997717 /* Release */ = {
			isa = XCBuildConfiguration;
			buildSettings = {
				ALWAYS_SEARCH_USER_PATHS = NO;
				CLANG_ANALYZER_NONNULL = YES;
				CLANG_CXX_LANGUAGE_STANDARD = "gnu++0x";
				CLANG_CXX_LIBRARY = "libc++";
				CLANG_ENABLE_MODULES = YES;
				CLANG_ENABLE_OBJC_ARC = YES;
				CLANG_WARN_BOOL_CONVERSION = YES;
				CLANG_WARN_CONSTANT_CONVERSION = YES;
				CLANG_WARN_DIRECT_OBJC_ISA_USAGE = YES_ERROR;
				CLANG_WARN_EMPTY_BODY = YES;
				CLANG_WARN_ENUM_CONVERSION = YES;
				CLANG_WARN_INT_CONVERSION = YES;
				CLANG_WARN_OBJC_ROOT_CLASS = YES_ERROR;
				CLANG_WARN_UNREACHABLE_CODE = YES;
				CLANG_WARN__DUPLICATE_METHOD_MATCH = YES;
				"CODE_SIGN_IDENTITY[sdk=iphoneos*]" = "iPhone Developer";
				COPY_PHASE_STRIP = NO;
				DEBUG_INFORMATION_FORMAT = "dwarf-with-dsym";
				ENABLE_NS_ASSERTIONS = NO;
				ENABLE_STRICT_OBJC_MSGSEND = YES;
				GCC_C_LANGUAGE_STANDARD = gnu99;
				GCC_NO_COMMON_BLOCKS = YES;
				GCC_WARN_64_TO_32_BIT_CONVERSION = YES;
				GCC_WARN_ABOUT_RETURN_TYPE = YES_ERROR;
				GCC_WARN_UNDECLARED_SELECTOR = YES;
				GCC_WARN_UNINITIALIZED_AUTOS = YES_AGGRESSIVE;
				GCC_WARN_UNUSED_FUNCTION = YES;
				GCC_WARN_UNUSED_VARIABLE = YES;
				IPHONEOS_DEPLOYMENT_TARGET = 9.3;
				MTL_ENABLE_DEBUG_INFO = NO;
				SDKROOT = iphoneos;
				TARGETED_DEVICE_FAMILY = "1,2";
				VALIDATE_PRODUCT = YES;
			};
			name = Release;
		};
		90C5F4C01D53571C00997717 /* Debug */ = {
			isa = XCBuildConfiguration;
			baseConfigurationReference = DBC15790553674D448CA2DE9 /* Pods-objC_test_social_framework.debug.xcconfig */;
			buildSettings = {
				ASSETCATALOG_COMPILER_APPICON_NAME = AppIcon;
				FRAMEWORK_SEARCH_PATHS = (
					"$(inherited)",
					"$(PROJECT_DIR)",
				);
				INFOPLIST_FILE = objC_test_social_framework/Info.plist;
				IPHONEOS_DEPLOYMENT_TARGET = 8.0;
				LD_RUNPATH_SEARCH_PATHS = "$(inherited) @executable_path/Frameworks";
				PRODUCT_BUNDLE_IDENTIFIER = "com.e-legion.objC-test-social-framework";
				PRODUCT_NAME = "$(TARGET_NAME)";
			};
			name = Debug;
		};
		90C5F4C11D53571C00997717 /* Release */ = {
			isa = XCBuildConfiguration;
			baseConfigurationReference = 71E5531CB6CF549B3E6ABA20 /* Pods-objC_test_social_framework.release.xcconfig */;
			buildSettings = {
				ASSETCATALOG_COMPILER_APPICON_NAME = AppIcon;
				FRAMEWORK_SEARCH_PATHS = (
					"$(inherited)",
					"$(PROJECT_DIR)",
				);
				INFOPLIST_FILE = objC_test_social_framework/Info.plist;
				IPHONEOS_DEPLOYMENT_TARGET = 8.0;
				LD_RUNPATH_SEARCH_PATHS = "$(inherited) @executable_path/Frameworks";
				PRODUCT_BUNDLE_IDENTIFIER = "com.e-legion.objC-test-social-framework";
				PRODUCT_NAME = "$(TARGET_NAME)";
			};
			name = Release;
		};
/* End XCBuildConfiguration section */

/* Begin XCConfigurationList section */
		90C5F4A31D53571C00997717 /* Build configuration list for PBXProject "objC_test_social_framework" */ = {
			isa = XCConfigurationList;
			buildConfigurations = (
				90C5F4BD1D53571C00997717 /* Debug */,
				90C5F4BE1D53571C00997717 /* Release */,
			);
			defaultConfigurationIsVisible = 0;
			defaultConfigurationName = Release;
		};
		90C5F4BF1D53571C00997717 /* Build configuration list for PBXNativeTarget "objC_test_social_framework" */ = {
			isa = XCConfigurationList;
			buildConfigurations = (
				90C5F4C01D53571C00997717 /* Debug */,
				90C5F4C11D53571C00997717 /* Release */,
			);
			defaultConfigurationIsVisible = 0;
			defaultConfigurationName = Release;
		};
/* End XCConfigurationList section */
	};
	rootObject = 90C5F4A01D53571C00997717 /* Project object */;
}
